// !$*UTF8*$!
{
	archiveVersion = 1;
	classes = {
	};
	objectVersion = 50;
	objects = {

/* Begin PBXBuildFile section */
		FC38509B22CBC33D006B41B3 /* AppDelegate.swift in Sources */ = {isa = PBXBuildFile; fileRef = FC38509A22CBC33D006B41B3 /* AppDelegate.swift */; };
		FC38509D22CBC33D006B41B3 /* SceneDelegate.swift in Sources */ = {isa = PBXBuildFile; fileRef = FC38509C22CBC33D006B41B3 /* SceneDelegate.swift */; };
		FC38509F22CBC33D006B41B3 /* ContentView.swift in Sources */ = {isa = PBXBuildFile; fileRef = FC38509E22CBC33D006B41B3 /* ContentView.swift */; };
		FC3850A122CBC33F006B41B3 /* Assets.xcassets in Resources */ = {isa = PBXBuildFile; fileRef = FC3850A022CBC33F006B41B3 /* Assets.xcassets */; };
		FC3850A422CBC33F006B41B3 /* Preview Assets.xcassets in Resources */ = {isa = PBXBuildFile; fileRef = FC3850A322CBC33F006B41B3 /* Preview Assets.xcassets */; };
		FC3850A722CBC33F006B41B3 /* LaunchScreen.storyboard in Resources */ = {isa = PBXBuildFile; fileRef = FC3850A522CBC33F006B41B3 /* LaunchScreen.storyboard */; };
/* End PBXBuildFile section */

/* Begin PBXFileReference section */
		FC38509722CBC33D006B41B3 /* FirstSwiftUI.app */ = {isa = PBXFileReference; explicitFileType = wrapper.application; includeInIndex = 0; path = FirstSwiftUI.app; sourceTree = BUILT_PRODUCTS_DIR; };
		FC38509A22CBC33D006B41B3 /* AppDelegate.swift */ = {isa = PBXFileReference; lastKnownFileType = sourcecode.swift; path = AppDelegate.swift; sourceTree = "<group>"; };
		FC38509C22CBC33D006B41B3 /* SceneDelegate.swift */ = {isa = PBXFileReference; lastKnownFileType = sourcecode.swift; path = SceneDelegate.swift; sourceTree = "<group>"; };
		FC38509E22CBC33D006B41B3 /* ContentView.swift */ = {isa = PBXFileReference; lastKnownFileType = sourcecode.swift; path = ContentView.swift; sourceTree = "<group>"; };
		FC3850A022CBC33F006B41B3 /* Assets.xcassets */ = {isa = PBXFileReference; lastKnownFileType = folder.assetcatalog; path = Assets.xcassets; sourceTree = "<group>"; };
		FC3850A322CBC33F006B41B3 /* Preview Assets.xcassets */ = {isa = PBXFileReference; lastKnownFileType = folder.assetcatalog; path = "Preview Assets.xcassets"; sourceTree = "<group>"; };
		FC3850A622CBC33F006B41B3 /* Base */ = {isa = PBXFileReference; lastKnownFileType = file.storyboard; name = Base; path = Base.lproj/LaunchScreen.storyboard; sourceTree = "<group>"; };
		FC3850A822CBC33F006B41B3 /* Info.plist */ = {isa = PBXFileReference; lastKnownFileType = text.plist.xml; path = Info.plist; sourceTree = "<group>"; };
/* End PBXFileReference section */

/* Begin PBXFrameworksBuildPhase section */
		FC38509422CBC33D006B41B3 /* Frameworks */ = {
			isa = PBXFrameworksBuildPhase;
			buildActionMask = 2147483647;
			files = (
			);
			runOnlyForDeploymentPostprocessing = 0;
		};
/* End PBXFrameworksBuildPhase section */

/* Begin PBXGroup section */
		FC38508E22CBC33D006B41B3 = {
			isa = PBXGroup;
			children = (
				FC38509922CBC33D006B41B3 /* FirstSwiftUI */,
				FC38509822CBC33D006B41B3 /* Products */,
			);
			sourceTree = "<group>";
		};
		FC38509822CBC33D006B41B3 /* Products */ = {
			isa = PBXGroup;
			children = (
				FC38509722CBC33D006B41B3 /* FirstSwiftUI.app */,
			);
			name = Products;
			sourceTree = "<group>";
		};
		FC38509922CBC33D006B41B3 /* FirstSwiftUI */ = {
			isa = PBXGroup;
			children = (
				FC38509A22CBC33D006B41B3 /* AppDelegate.swift */,
				FC38509C22CBC33D006B41B3 /* SceneDelegate.swift */,
				FC38509E22CBC33D006B41B3 /* ContentView.swift */,
				FC3850A022CBC33F006B41B3 /* Assets.xcassets */,
				FC3850A522CBC33F006B41B3 /* LaunchScreen.storyboard */,
				FC3850A822CBC33F006B41B3 /* Info.plist */,
				FC3850A222CBC33F006B41B3 /* Preview Content */,
			);
			path = FirstSwiftUI;
			sourceTree = "<group>";
		};
		FC3850A222CBC33F006B41B3 /* Preview Content */ = {
			isa = PBXGroup;
			children = (
				FC3850A322CBC33F006B41B3 /* Preview Assets.xcassets */,
			);
			path = "Preview Content";
			sourceTree = "<group>";
		};
/* End PBXGroup section */

/* Begin PBXNativeTarget section */
		FC38509622CBC33D006B41B3 /* FirstSwiftUI */ = {
			isa = PBXNativeTarget;
			buildConfigurationList = FC3850AB22CBC33F006B41B3 /* Build configuration list for PBXNativeTarget "FirstSwiftUI" */;
			buildPhases = (
				FC38509322CBC33D006B41B3 /* Sources */,
				FC38509422CBC33D006B41B3 /* Frameworks */,
				FC38509522CBC33D006B41B3 /* Resources */,
			);
			buildRules = (
			);
			dependencies = (
			);
			name = FirstSwiftUI;
			productName = FirstSwiftUI;
			productReference = FC38509722CBC33D006B41B3 /* FirstSwiftUI.app */;
			productType = "com.apple.product-type.application";
		};
/* End PBXNativeTarget section */

/* Begin PBXProject section */
		FC38508F22CBC33D006B41B3 /* Project object */ = {
			isa = PBXProject;
			attributes = {
				LastSwiftUpdateCheck = 1100;
				LastUpgradeCheck = 1100;
				ORGANIZATIONNAME = "Atil Samancioglu";
				TargetAttributes = {
					FC38509622CBC33D006B41B3 = {
						CreatedOnToolsVersion = 11.0;
					};
				};
			};
			buildConfigurationList = FC38509222CBC33D006B41B3 /* Build configuration list for PBXProject "FirstSwiftUI" */;
			compatibilityVersion = "Xcode 9.3";
			developmentRegion = en;
			hasScannedForEncodings = 0;
			knownRegions = (
				en,
				Base,
			);
			mainGroup = FC38508E22CBC33D006B41B3;
			productRefGroup = FC38509822CBC33D006B41B3 /* Products */;
			projectDirPath = "";
			projectRoot = "";
			targets = (
				FC38509622CBC33D006B41B3 /* FirstSwiftUI */,
			);
		};
/* End PBXProject section */

/* Begin PBXResourcesBuildPhase section */
		FC38509522CBC33D006B41B3 /* Resources */ = {
			isa = PBXResourcesBuildPhase;
			buildActionMask = 2147483647;
			files = (
				FC3850A722CBC33F006B41B3 /* LaunchScreen.storyboard in Resources */,
				FC3850A422CBC33F006B41B3 /* Preview Assets.xcassets in Resources */,
				FC3850A122CBC33F006B41B3 /* Assets.xcassets in Resources */,
			);
			runOnlyForDeploymentPostprocessing = 0;
		};
/* End PBXResourcesBuildPhase section */

/* Begin PBXSourcesBuildPhase section */
		FC38509322CBC33D006B41B3 /* Sources */ = {
			isa = PBXSourcesBuildPhase;
			buildActionMask = 2147483647;
			files = (
				FC38509B22CBC33D006B41B3 /* AppDelegate.swift in Sources */,
				FC38509D22CBC33D006B41B3 /* SceneDelegate.swift in Sources */,
				FC38509F22CBC33D006B41B3 /* ContentView.swift in Sources */,
			);
			runOnlyForDeploymentPostprocessing = 0;
		};
/* End PBXSourcesBuildPhase section */

/* Begin PBXVariantGroup section */
		FC3850A522CBC33F006B41B3 /* LaunchScreen.storyboard */ = {
			isa = PBXVariantGroup;
			children = (
				FC3850A622CBC33F006B41B3 /* Base */,
			);
			name = LaunchScreen.storyboard;
			sourceTree = "<group>";
		};
/* End PBXVariantGroup section */

/* Begin XCBuildConfiguration section */
		FC3850A922CBC33F006B41B3 /* Debug */ = {
			isa = XCBuildConfiguration;
			buildSettings = {
				ALWAYS_SEARCH_USER_PATHS = NO;
				CLANG_ANALYZER_NONNULL = YES;
				CLANG_ANALYZER_NUMBER_OBJECT_CONVERSION = YES_AGGRESSIVE;
				CLANG_CXX_LANGUAGE_STANDARD = "gnu++14";
				CLANG_CXX_LIBRARY = "libc++";
				CLANG_ENABLE_MODULES = YES;
				CLANG_ENABLE_OBJC_ARC = YES;
				CLANG_ENABLE_OBJC_WEAK = YES;
				CLANG_WARN_BLOCK_CAPTURE_AUTORELEASING = YES;
				CLANG_WARN_BOOL_CONVERSION = YES;
				CLANG_WARN_COMMA = YES;
				CLANG_WARN_CONSTANT_CONVERSION = YES;
				CLANG_WARN_DEPRECATED_OBJC_IMPLEMENTATIONS = YES;
				CLANG_WARN_DIRECT_OBJC_ISA_USAGE = YES_ERROR;
				CLANG_WARN_DOCUMENTATION_COMMENTS = YES;
				CLANG_WARN_EMPTY_BODY = YES;
				CLANG_WARN_ENUM_CONVERSION = YES;
				CLANG_WARN_INFINITE_RECURSION = YES;
				CLANG_WARN_INT_CONVERSION = YES;
				CLANG_WARN_NON_LITERAL_NULL_CONVERSION = YES;
				CLANG_WARN_OBJC_IMPLICIT_RETAIN_SELF = YES;
				CLANG_WARN_OBJC_LITERAL_CONVERSION = YES;
				CLANG_WARN_OBJC_ROOT_CLASS = YES_ERROR;
				CLANG_WARN_RANGE_LOOP_ANALYSIS = YES;
				CLANG_WARN_STRICT_PROTOTYPES = YES;
				CLANG_WARN_SUSPICIOUS_MOVE = YES;
				CLANG_WARN_UNGUARDED_AVAILABILITY = YES_AGGRESSIVE;
				CLANG_WARN_UNREACHABLE_CODE = YES;
				CLANG_WARN__DUPLICATE_METHOD_MATCH = YES;
				COPY_PHASE_STRIP = NO;
				DEBUG_INFORMATION_FORMAT = dwarf;
				ENABLE_STRICT_OBJC_MSGSEND = YES;
				ENABLE_TESTABILITY = YES;
				GCC_C_LANGUAGE_STANDARD = gnu11;
				GCC_DYNAMIC_NO_PIC = NO;
				GCC_NO_COMMON_BLOCKS = YES;
				GCC_OPTIMIZATION_LEVEL = 0;
				GCC_PREPROCESSOR_DEFINITIONS = (
					"DEBUG=1",
					"$(inherited)",
				);
				GCC_WARN_64_TO_32_BIT_CONVERSION = YES;
				GCC_WARN_ABOUT_RETURN_TYPE = YES_ERROR;
				GCC_WARN_UNDECLARED_SELECTOR = YES;
				GCC_WARN_UNINITIALIZED_AUTOS = YES_AGGRESSIVE;
				GCC_WARN_UNUSED_FUNCTION = YES;
				GCC_WARN_UNUSED_VARIABLE = YES;
				IPHONEOS_DEPLOYMENT_TARGET = 13.0;
				MTL_ENABLE_DEBUG_INFO = INCLUDE_SOURCE;
				MTL_FAST_MATH = YES;
				ONLY_ACTIVE_ARCH = YES;
				SDKROOT = iphoneos;
				SWIFT_ACTIVE_COMPILATION_CONDITIONS = DEBUG;
				SWIFT_OPTIMIZATION_LEVEL = "-Onone";
			};
			name = Debug;
		};
		FC3850AA22CBC33F006B41B3 /* Release */ = {
			isa = XCBuildConfiguration;
			buildSettings = {
				ALWAYS_SEARCH_USER_PATHS = NO;
				CLANG_ANALYZER_NONNULL = YES;
				CLANG_ANALYZER_NUMBER_OBJECT_CONVERSION = YES_AGGRESSIVE;
				CLANG_CXX_LANGUAGE_STANDARD = "gnu++14";
				CLANG_CXX_LIBRARY = "libc++";
				CLANG_ENABLE_MODULES = YES;
				CLANG_ENABLE_OBJC_ARC = YES;
				CLANG_ENABLE_OBJC_WEAK = YES;
				CLANG_WARN_BLOCK_CAPTURE_AUTORELEASING = YES;
				CLANG_WARN_BOOL_CONVERSION = YES;
				CLANG_WARN_COMMA = YES;
				CLANG_WARN_CONSTANT_CONVERSION = YES;
				CLANG_WARN_DEPRECATED_OBJC_IMPLEMENTATIONS = YES;
				CLANG_WARN_DIRECT_OBJC_ISA_USAGE = YES_ERROR;
				CLANG_WARN_DOCUMENTATION_COMMENTS = YES;
				CLANG_WARN_EMPTY_BODY = YES;
				CLANG_WARN_ENUM_CONVERSION = YES;
				CLANG_WARN_INFINITE_RECURSION = YES;
				CLANG_WARN_INT_CONVERSION = YES;
				CLANG_WARN_NON_LITERAL_NULL_CONVERSION = YES;
				CLANG_WARN_OBJC_IMPLICIT_RETAIN_SELF = YES;
				CLANG_WARN_OBJC_LITERAL_CONVERSION = YES;
				CLANG_WARN_OBJC_ROOT_CLASS = YES_ERROR;
				CLANG_WARN_RANGE_LOOP_ANALYSIS = YES;
				CLANG_WARN_STRICT_PROTOTYPES = YES;
				CLANG_WARN_SUSPICIOUS_MOVE = YES;
				CLANG_WARN_UNGUARDED_AVAILABILITY = YES_AGGRESSIVE;
				CLANG_WARN_UNREACHABLE_CODE = YES;
				CLANG_WARN__DUPLICATE_METHOD_MATCH = YES;
				COPY_PHASE_STRIP = NO;
				DEBUG_INFORMATION_FORMAT = "dwarf-with-dsym";
				ENABLE_NS_ASSERTIONS = NO;
				ENABLE_STRICT_OBJC_MSGSEND = YES;
				GCC_C_LANGUAGE_STANDARD = gnu11;
				GCC_NO_COMMON_BLOCKS = YES;
				GCC_WARN_64_TO_32_BIT_CONVERSION = YES;
				GCC_WARN_ABOUT_RETURN_TYPE = YES_ERROR;
				GCC_WARN_UNDECLARED_SELECTOR = YES;
				GCC_WARN_UNINITIALIZED_AUTOS = YES_AGGRESSIVE;
				GCC_WARN_UNUSED_FUNCTION = YES;
				GCC_WARN_UNUSED_VARIABLE = YES;
				IPHONEOS_DEPLOYMENT_TARGET = 13.0;
				MTL_ENABLE_DEBUG_INFO = NO;
				MTL_FAST_MATH = YES;
				SDKROOT = iphoneos;
				SWIFT_COMPILATION_MODE = wholemodule;
				SWIFT_OPTIMIZATION_LEVEL = "-O";
				VALIDATE_PRODUCT = YES;
			};
			name = Release;
		};
		FC3850AC22CBC33F006B41B3 /* Debug */ = {
			isa = XCBuildConfiguration;
			buildSettings = {
				ASSETCATALOG_COMPILER_APPICON_NAME = AppIcon;
				CODE_SIGN_STYLE = Automatic;
				DEVELOPMENT_ASSET_PATHS = "FirstSwiftUI/Preview\\ Content";
				DEVELOPMENT_TEAM = 7SH627DBA4;
				ENABLE_PREVIEWS = YES;
				INFOPLIST_FILE = FirstSwiftUI/Info.plist;
				LD_RUNPATH_SEARCH_PATHS = (
					"$(inherited)",
					"@executable_path/Frameworks",
				);
				PRODUCT_BUNDLE_IDENTIFIER = com.atilsamancioglu.FirstSwiftUI;
				PRODUCT_NAME = "$(TARGET_NAME)";
				SWIFT_VERSION = 5.0;
				TARGETED_DEVICE_FAMILY = "1,2";
			};
			name = Debug;
		};
		FC3850AD22CBC33F006B41B3 /* Release */ = {
			isa = XCBuildConfiguration;
			buildSettings = {
				ASSETCATALOG_COMPILER_APPICON_NAME = AppIcon;
				CODE_SIGN_STYLE = Automatic;
				DEVELOPMENT_ASSET_PATHS = "FirstSwiftUI/Preview\\ Content";
				DEVELOPMENT_TEAM = 7SH627DBA4;
				ENABLE_PREVIEWS = YES;
				INFOPLIST_FILE = FirstSwiftUI/Info.plist;
				LD_RUNPATH_SEARCH_PATHS = (
					"$(inherited)",
					"@executable_path/Frameworks",
				);
				PRODUCT_BUNDLE_IDENTIFIER = com.atilsamancioglu.FirstSwiftUI;
				PRODUCT_NAME = "$(TARGET_NAME)";
				SWIFT_VERSION = 5.0;
				TARGETED_DEVICE_FAMILY = "1,2";
			};
			name = Release;
		};
/* End XCBuildConfiguration section */

/* Begin XCConfigurationList section */
		FC38509222CBC33D006B41B3 /* Build configuration list for PBXProject "FirstSwiftUI" */ = {
			isa = XCConfigurationList;
			buildConfigurations = (
				FC3850A922CBC33F006B41B3 /* Debug */,
				FC3850AA22CBC33F006B41B3 /* Release */,
			);
			defaultConfigurationIsVisible = 0;
			defaultConfigurationName = Release;
		};
		FC3850AB22CBC33F006B41B3 /* Build configuration list for PBXNativeTarget "FirstSwiftUI" */ = {
			isa = XCConfigurationList;
			buildConfigurations = (
				FC3850AC22CBC33F006B41B3 /* Debug */,
				FC3850AD22CBC33F006B41B3 /* Release */,
			);
			defaultConfigurationIsVisible = 0;
			defaultConfigurationName = Release;
		};
/* End XCConfigurationList section */
	};
	rootObject = FC38508F22CBC33D006B41B3 /* Project object */;
}
